{
  "requires": true,
  "lockfileVersion": 1,
  "dependencies": {
    "dot": {
      "version": "1.1.3",
      "resolved": "https://registry.npmjs.org/dot/-/dot-1.1.3.tgz",
      "integrity": "sha512-/nt74Rm+PcfnirXGEdhZleTwGC2LMnuKTeeTIlI82xb5loBBoXNYzr2ezCroPSMtilK8EZIfcNZwOcHN+ib1Lg=="
    },
    "promise-polyfill": {
      "version": "8.1.3",
      "resolved": "https://registry.npmjs.org/promise-polyfill/-/promise-polyfill-8.1.3.tgz",
      "integrity": "sha512-MG5r82wBzh7pSKDRa9y+vllNHz3e3d4CNj1PQE4BQYxLme0gKYYBm9YENq+UkEikyZ0XbiGWxYlVw3Rl9O/U8g=="
    },
    "three": {
      "version": "0.113.2",
      "resolved": "https://registry.npmjs.org/three/-/three-0.113.2.tgz",
      "integrity": "sha512-x3vrKW41/UtbWbWduWKGlfIc043SvHWr3YltehYq+UGb9YglQ2oztNGvl2eut05JtNSmP11Mh3t6Xak5/0e+Fg=="
    },
    "three.js": {
      "version": "0.77.1",
      "resolved": "https://registry.npmjs.org/three.js/-/three.js-0.77.1.tgz",
      "integrity": "sha1-B4WKh0nktiejEIMlKi2Yd3bMoyo=",
      "requires": {
        "three": "0.77.0"
      },
      "dependencies": {
        "three": {
          "version": "0.77.0",
          "resolved": "https://registry.npmjs.org/three/-/three-0.77.0.tgz",
          "integrity": "sha1-iwsbAAR2ic6qAg1IClYspg2H/zc="
        }
      }
    },
    "uevent": {
      "version": "1.0.0",
      "resolved": "https://registry.npmjs.org/uevent/-/uevent-1.0.0.tgz",
      "integrity": "sha1-KUii1EHReQAEcOIa7RJsZ7AAl2w="
    }
  }
}
